
Microsoft Visual Studio Solution File, Format Version 12.00
# Visual Studio 2013
VisualStudioVersion = 12.0.21005.1
MinimumVisualStudioVersion = 10.0.40219.1
Project("{FAE04EC0-301F-11D3-BF4B-00C04F79EFBC}") = "TestApplication", "TestApplication\TestApplication.csproj", "{B3B55D2E-E55C-4491-8C8C-666EF7C58CCD}"
EndProject
Project("{FAE04EC0-301F-11D3-BF4B-00C04F79EFBC}") = "Common", "SharedLibrary\Common\Common.csproj", "{3133CCC8-36FC-498F-91D8-8382815E36E9}"
EndProject
Global
	GlobalSection(SolutionConfigurationPlatforms) = preSolution
		Debug|Any CPU = Debug|Any CPU
		Release|Any CPU = Release|Any CPU
	EndGlobalSection
	GlobalSection(ProjectConfigurationPlatforms) = postSolution
		{B3B55D2E-E55C-4491-8C8C-666EF7C58CCD}.Debug|Any CPU.ActiveCfg = Debug|Any CPU
		{B3B55D2E-E55C-4491-8C8C-666EF7C58CCD}.Debug|Any CPU.Build.0 = Debug|Any CPU
		{B3B55D2E-E55C-4491-8C8C-666EF7C58CCD}.Release|Any CPU.ActiveCfg = Release|Any CPU
		{B3B55D2E-E55C-4491-8C8C-666EF7C58CCD}.Release|Any CPU.Build.0 = Release|Any CPU
		{3133CCC8-36FC-498F-91D8-8382815E36E9}.Debug|Any CPU.ActiveCfg = Debug|Any CPU
		{3133CCC8-36FC-498F-91D8-8382815E36E9}.Debug|Any CPU.Build.0 = Debug|Any CPU
		{3133CCC8-36FC-498F-91D8-8382815E36E9}.Release|Any CPU.ActiveCfg = Release|Any CPU
		{3133CCC8-36FC-498F-91D8-8382815E36E9}.Release|Any CPU.Build.0 = Release|Any CPU
	EndGlobalSection
	GlobalSection(SolutionProperties) = preSolution
		HideSolutionNode = FALSE
	EndGlobalSection
EndGlobal
